{
  "name": "@workflows/retrieval",
  "version": "0.1.0",
  "lockfileVersion": 3,
  "requires": true,
  "packages": {
    "": {
      "name": "@workflows/retrieval",
      "version": "0.1.0",
      "dependencies": {
        "@workflows/embeddings": "file:../embeddings"
      }
    },
    "../embeddings": {
      "name": "@workflows/embeddings",
      "version": "0.1.0",
      "dependencies": {
        "better-sqlite3": "^13.0.2"
      },
      "devDependencies": {
        "@types/better-sqlite3": "^9.6.0",
        "@types/node": "^26.1.2"
      }
    },
    "node_modules/@workflows/embeddings": {
      "resolved": "../embeddings",
      "link": true
    }
  }
}
