{
  "name": "@workflows/policy",
  "version": "0.1.0",
  "lockfileVersion": 3,
  "requires": true,
  "packages": {
    "": {
      "name": "@workflows/policy",
      "version": "0.1.0",
      "dependencies": {
        "@workflows/eval": "file:../eval"
      }
    },
    "../eval": {
      "name": "@workflows/eval",
      "version": "0.1.0"
    },
    "node_modules/@workflows/eval": {
      "resolved": "../eval",
      "link": true
    }
  }
}
