{
  "name": "@workflows/voice",
  "version": "0.1.0",
  "lockfileVersion": 3,
  "requires": true,
  "packages": {
    "": {
      "name": "@workflows/voice",
      "version": "0.1.0",
      "dependencies": {
        "@workflows/observability": "file:../observability"
      }
    },
    "../observability": {
      "name": "@workflows/observability",
      "version": "0.1.0"
    },
    "node_modules/@workflows/observability": {
      "resolved": "../observability",
      "link": true
    }
  }
}
