{
  "name": "@workflows/workspace",
  "version": "0.1.0",
  "lockfileVersion": 3,
  "requires": true,
  "packages": {
    "": {
      "name": "@workflows/workspace",
      "version": "0.1.0",
      "dependencies": {
        "@workflows/retrieval": "file:../retrieval"
      }
    },
    "../retrieval": {
      "name": "@workflows/retrieval",
      "version": "0.1.0",
      "dependencies": {
        "@workflows/embeddings": "file:../embeddings"
      }
    },
    "node_modules/@workflows/retrieval": {
      "resolved": "../retrieval",
      "link": true
    }
  }
}
